
Microsoft Visual Studio Solution File, Format Version 12.00
# Visual Studio Version 16
VisualStudioVersion = 16.0.30907.101
MinimumVisualStudioVersion = 10.0.40219.1
Project("{9A19103F-16F7-4668-BE54-9A1E7A4F7556}") = "PMES_SAM", "PMES_SAM\PMES_SAM.csproj", "{684328B0-244F-451C-8744-FBACBC7AC3FF}"
EndProject
Project("{FAE04EC0-301F-11D3-BF4B-00C04F79EFBC}") = "Infra", "Infra\Infra.csproj", "{CD2C871B-DAD0-45D2-B6F8-5FB85761E509}"
EndProject
Project("{FAE04EC0-301F-11D3-BF4B-00C04F79EFBC}") = "Domain", "Domain\Domain.csproj", "{9ABFDA3A-8D72-49FA-AF2B-461BCDB90F79}"
EndProject
Global
	GlobalSection(SolutionConfigurationPlatforms) = preSolution
		Debug|Any CPU = Debug|Any CPU
		Release|Any CPU = Release|Any CPU
	EndGlobalSection
	GlobalSection(ProjectConfigurationPlatforms) = postSolution
		{684328B0-244F-451C-8744-FBACBC7AC3FF}.Debug|Any CPU.ActiveCfg = Debug|Any CPU
		{684328B0-244F-451C-8744-FBACBC7AC3FF}.Debug|Any CPU.Build.0 = Debug|Any CPU
		{684328B0-244F-451C-8744-FBACBC7AC3FF}.Release|Any CPU.ActiveCfg = Release|Any CPU
		{684328B0-244F-451C-8744-FBACBC7AC3FF}.Release|Any CPU.Build.0 = Release|Any CPU
		{CD2C871B-DAD0-45D2-B6F8-5FB85761E509}.Debug|Any CPU.ActiveCfg = Debug|Any CPU
		{CD2C871B-DAD0-45D2-B6F8-5FB85761E509}.Debug|Any CPU.Build.0 = Debug|Any CPU
		{CD2C871B-DAD0-45D2-B6F8-5FB85761E509}.Release|Any CPU.ActiveCfg = Release|Any CPU
		{CD2C871B-DAD0-45D2-B6F8-5FB85761E509}.Release|Any CPU.Build.0 = Release|Any CPU
		{9ABFDA3A-8D72-49FA-AF2B-461BCDB90F79}.Debug|Any CPU.ActiveCfg = Debug|Any CPU
		{9ABFDA3A-8D72-49FA-AF2B-461BCDB90F79}.Debug|Any CPU.Build.0 = Debug|Any CPU
		{9ABFDA3A-8D72-49FA-AF2B-461BCDB90F79}.Release|Any CPU.ActiveCfg = Release|Any CPU
		{9ABFDA3A-8D72-49FA-AF2B-461BCDB90F79}.Release|Any CPU.Build.0 = Release|Any CPU
	EndGlobalSection
	GlobalSection(SolutionProperties) = preSolution
		HideSolutionNode = FALSE
	EndGlobalSection
	GlobalSection(ExtensibilityGlobals) = postSolution
		SolutionGuid = {BB724385-BB6B-438C-B98D-4556A9719022}
	EndGlobalSection
EndGlobal
